
Microsoft Visual Studio Solution File, Format Version 12.00
# Visual Studio Version 17
VisualStudioVersion = 17.7.34018.315
MinimumVisualStudioVersion = 10.0.40219.1
Project("{8BC9CEB8-8B4A-11D0-8D11-00A0C91BC942}") = "TextAnimation", "TextAnimation.vcxproj", "{2881C0F0-D251-43AB-9774-00F4B03EE4A3}"
EndProject
Global
	GlobalSection(SolutionConfigurationPlatforms) = preSolution
		Debug|x64 = Debug|x64
		Debug|x86 = Debug|x86
		Release|x64 = Release|x64
		Release|x86 = Release|x86
	EndGlobalSection
	GlobalSection(ProjectConfigurationPlatforms) = postSolution
		{2881C0F0-D251-43AB-9774-00F4B03EE4A3}.Debug|x64.ActiveCfg = Debug|x64
		{2881C0F0-D251-43AB-9774-00F4B03EE4A3}.Debug|x64.Build.0 = Debug|x64
		{2881C0F0-D251-43AB-9774-00F4B03EE4A3}.Debug|x86.ActiveCfg = Debug|Win32
		{2881C0F0-D251-43AB-9774-00F4B03EE4A3}.Debug|x86.Build.0 = Debug|Win32
		{2881C0F0-D251-43AB-9774-00F4B03EE4A3}.Release|x64.ActiveCfg = Release|x64
		{2881C0F0-D251-43AB-9774-00F4B03EE4A3}.Release|x64.Build.0 = Release|x64
		{2881C0F0-D251-43AB-9774-00F4B03EE4A3}.Release|x86.ActiveCfg = Release|Win32
		{2881C0F0-D251-43AB-9774-00F4B03EE4A3}.Release|x86.Build.0 = Release|Win32
	EndGlobalSection
	GlobalSection(SolutionProperties) = preSolution
		HideSolutionNode = FALSE
	EndGlobalSection
	GlobalSection(ExtensibilityGlobals) = postSolution
		SolutionGuid = {202D1E2E-9BC4-4A62-B53B-956A2F188C36}
	EndGlobalSection
EndGlobal
